
Microsoft Visual Studio Solution File, Format Version 12.00
# Visual Studio Version 16
VisualStudioVersion = 16.0.31613.86
MinimumVisualStudioVersion = 10.0.40219.1
Project("{FAE04EC0-301F-11D3-BF4B-00C04F79EFBC}") = "MyProject4", "MyProject4\MyProject4.csproj", "{671D667C-5BC0-4C04-B15A-88DFA57EB9D9}"
EndProject
Global
	GlobalSection(SolutionConfigurationPlatforms) = preSolution
		Debug|Any CPU = Debug|Any CPU
		Release|Any CPU = Release|Any CPU
	EndGlobalSection
	GlobalSection(ProjectConfigurationPlatforms) = postSolution
		{671D667C-5BC0-4C04-B15A-88DFA57EB9D9}.Debug|Any CPU.ActiveCfg = Debug|Any CPU
		{671D667C-5BC0-4C04-B15A-88DFA57EB9D9}.Debug|Any CPU.Build.0 = Debug|Any CPU
		{671D667C-5BC0-4C04-B15A-88DFA57EB9D9}.Release|Any CPU.ActiveCfg = Release|Any CPU
		{671D667C-5BC0-4C04-B15A-88DFA57EB9D9}.Release|Any CPU.Build.0 = Release|Any CPU
	EndGlobalSection
	GlobalSection(SolutionProperties) = preSolution
		HideSolutionNode = FALSE
	EndGlobalSection
	GlobalSection(ExtensibilityGlobals) = postSolution
		SolutionGuid = {DD285D3C-3DD3-440E-9353-DC6504BD284A}
	EndGlobalSection
EndGlobal
